// !$*UTF8*$!
{
	archiveVersion = 1;
	classes = {
	};
	objectVersion = 50;
	objects = {

/* Begin PBXBuildFile section */
		0E2661C325E8521F00F70B3F /* AppDelegate.swift in Sources */ = {isa = PBXBuildFile; fileRef = 0E2661C225E8521F00F70B3F /* AppDelegate.swift */; };
		0E2661C525E8521F00F70B3F /* SceneDelegate.swift in Sources */ = {isa = PBXBuildFile; fileRef = 0E2661C425E8521F00F70B3F /* SceneDelegate.swift */; };
		0E2661CA25E8521F00F70B3F /* Main.storyboard in Resources */ = {isa = PBXBuildFile; fileRef = 0E2661C825E8521F00F70B3F /* Main.storyboard */; };
		0E2661CC25E8522000F70B3F /* Assets.xcassets in Resources */ = {isa = PBXBuildFile; fileRef = 0E2661CB25E8522000F70B3F /* Assets.xcassets */; };
		0E2661CF25E8522000F70B3F /* LaunchScreen.storyboard in Resources */ = {isa = PBXBuildFile; fileRef = 0E2661CD25E8522000F70B3F /* LaunchScreen.storyboard */; };
		0E2661DA25E8522100F70B3F /* weatherTests.swift in Sources */ = {isa = PBXBuildFile; fileRef = 0E2661D925E8522100F70B3F /* weatherTests.swift */; };
		0E2661E525E8522100F70B3F /* weatherUITests.swift in Sources */ = {isa = PBXBuildFile; fileRef = 0E2661E425E8522100F70B3F /* weatherUITests.swift */; };
		0E2661F725E8615D00F70B3F /* CoordinatorFactory.swift in Sources */ = {isa = PBXBuildFile; fileRef = 0E2661F625E8615D00F70B3F /* CoordinatorFactory.swift */; };
		0E2661FF25E8624C00F70B3F /* AppCoordinator.swift in Sources */ = {isa = PBXBuildFile; fileRef = 0E2661FE25E8624C00F70B3F /* AppCoordinator.swift */; };
		0E26620525E863D200F70B3F /* CitySelectionCoordinator.swift in Sources */ = {isa = PBXBuildFile; fileRef = 0E26620425E863D200F70B3F /* CitySelectionCoordinator.swift */; };
		0E26620E25E867A100F70B3F /* City.swift in Sources */ = {isa = PBXBuildFile; fileRef = 0E26620D25E867A100F70B3F /* City.swift */; };
		0E26621725E8681000F70B3F /* CitySelectionViewController.swift in Sources */ = {isa = PBXBuildFile; fileRef = 0E26621625E8681000F70B3F /* CitySelectionViewController.swift */; };
		0E26621D25E8691300F70B3F /* UIViewController+Extension.swift in Sources */ = {isa = PBXBuildFile; fileRef = 0E26621C25E8691300F70B3F /* UIViewController+Extension.swift */; };
		0E26622525E86A1600F70B3F /* CitySelection.storyboard in Resources */ = {isa = PBXBuildFile; fileRef = 0E26622425E86A1600F70B3F /* CitySelection.storyboard */; };
/* End PBXBuildFile section */

/* Begin PBXContainerItemProxy section */
		0E2661D625E8522100F70B3F /* PBXContainerItemProxy */ = {
			isa = PBXContainerItemProxy;
			containerPortal = 0E2661B725E8521F00F70B3F /* Project object */;
			proxyType = 1;
			remoteGlobalIDString = 0E2661BE25E8521F00F70B3F;
			remoteInfo = weather;
		};
		0E2661E125E8522100F70B3F /* PBXContainerItemProxy */ = {
			isa = PBXContainerItemProxy;
			containerPortal = 0E2661B725E8521F00F70B3F /* Project object */;
			proxyType = 1;
			remoteGlobalIDString = 0E2661BE25E8521F00F70B3F;
			remoteInfo = weather;
		};
/* End PBXContainerItemProxy section */

/* Begin PBXFileReference section */
		0E2661BF25E8521F00F70B3F /* weather.app */ = {isa = PBXFileReference; explicitFileType = wrapper.application; includeInIndex = 0; path = weather.app; sourceTree = BUILT_PRODUCTS_DIR; };
		0E2661C225E8521F00F70B3F /* AppDelegate.swift */ = {isa = PBXFileReference; lastKnownFileType = sourcecode.swift; path = AppDelegate.swift; sourceTree = "<group>"; };
		0E2661C425E8521F00F70B3F /* SceneDelegate.swift */ = {isa = PBXFileReference; lastKnownFileType = sourcecode.swift; path = SceneDelegate.swift; sourceTree = "<group>"; };
		0E2661C925E8521F00F70B3F /* Base */ = {isa = PBXFileReference; lastKnownFileType = file.storyboard; name = Base; path = Base.lproj/Main.storyboard; sourceTree = "<group>"; };
		0E2661CB25E8522000F70B3F /* Assets.xcassets */ = {isa = PBXFileReference; lastKnownFileType = folder.assetcatalog; path = Assets.xcassets; sourceTree = "<group>"; };
		0E2661CE25E8522000F70B3F /* Base */ = {isa = PBXFileReference; lastKnownFileType = file.storyboard; name = Base; path = Base.lproj/LaunchScreen.storyboard; sourceTree = "<group>"; };
		0E2661D025E8522000F70B3F /* Info.plist */ = {isa = PBXFileReference; lastKnownFileType = text.plist.xml; path = Info.plist; sourceTree = "<group>"; };
		0E2661D525E8522100F70B3F /* weatherTests.xctest */ = {isa = PBXFileReference; explicitFileType = wrapper.cfbundle; includeInIndex = 0; path = weatherTests.xctest; sourceTree = BUILT_PRODUCTS_DIR; };
		0E2661D925E8522100F70B3F /* weatherTests.swift */ = {isa = PBXFileReference; lastKnownFileType = sourcecode.swift; path = weatherTests.swift; sourceTree = "<group>"; };
		0E2661DB25E8522100F70B3F /* Info.plist */ = {isa = PBXFileReference; lastKnownFileType = text.plist.xml; path = Info.plist; sourceTree = "<group>"; };
		0E2661E025E8522100F70B3F /* weatherUITests.xctest */ = {isa = PBXFileReference; explicitFileType = wrapper.cfbundle; includeInIndex = 0; path = weatherUITests.xctest; sourceTree = BUILT_PRODUCTS_DIR; };
		0E2661E425E8522100F70B3F /* weatherUITests.swift */ = {isa = PBXFileReference; lastKnownFileType = sourcecode.swift; path = weatherUITests.swift; sourceTree = "<group>"; };
		0E2661E625E8522100F70B3F /* Info.plist */ = {isa = PBXFileReference; lastKnownFileType = text.plist.xml; path = Info.plist; sourceTree = "<group>"; };
		0E2661F625E8615D00F70B3F /* CoordinatorFactory.swift */ = {isa = PBXFileReference; lastKnownFileType = sourcecode.swift; path = CoordinatorFactory.swift; sourceTree = "<group>"; };
		0E2661FE25E8624C00F70B3F /* AppCoordinator.swift */ = {isa = PBXFileReference; lastKnownFileType = sourcecode.swift; path = AppCoordinator.swift; sourceTree = "<group>"; };
		0E26620425E863D200F70B3F /* CitySelectionCoordinator.swift */ = {isa = PBXFileReference; lastKnownFileType = sourcecode.swift; path = CitySelectionCoordinator.swift; sourceTree = "<group>"; };
		0E26620D25E867A100F70B3F /* City.swift */ = {isa = PBXFileReference; lastKnownFileType = sourcecode.swift; path = City.swift; sourceTree = "<group>"; };
		0E26621625E8681000F70B3F /* CitySelectionViewController.swift */ = {isa = PBXFileReference; lastKnownFileType = sourcecode.swift; path = CitySelectionViewController.swift; sourceTree = "<group>"; };
		0E26621C25E8691300F70B3F /* UIViewController+Extension.swift */ = {isa = PBXFileReference; lastKnownFileType = sourcecode.swift; path = "UIViewController+Extension.swift"; sourceTree = "<group>"; };
		0E26622425E86A1600F70B3F /* CitySelection.storyboard */ = {isa = PBXFileReference; lastKnownFileType = file.storyboard; path = CitySelection.storyboard; sourceTree = "<group>"; };
/* End PBXFileReference section */

/* Begin PBXFrameworksBuildPhase section */
		0E2661BC25E8521F00F70B3F /* Frameworks */ = {
			isa = PBXFrameworksBuildPhase;
			buildActionMask = 2147483647;
			files = (
			);
			runOnlyForDeploymentPostprocessing = 0;
		};
		0E2661D225E8522100F70B3F /* Frameworks */ = {
			isa = PBXFrameworksBuildPhase;
			buildActionMask = 2147483647;
			files = (
			);
			runOnlyForDeploymentPostprocessing = 0;
		};
		0E2661DD25E8522100F70B3F /* Frameworks */ = {
			isa = PBXFrameworksBuildPhase;
			buildActionMask = 2147483647;
			files = (
			);
			runOnlyForDeploymentPostprocessing = 0;
		};
/* End PBXFrameworksBuildPhase section */

/* Begin PBXGroup section */
		0E2661B625E8521F00F70B3F = {
			isa = PBXGroup;
			children = (
				0E2661C125E8521F00F70B3F /* weather */,
				0E2661D825E8522100F70B3F /* weatherTests */,
				0E2661E325E8522100F70B3F /* weatherUITests */,
				0E2661C025E8521F00F70B3F /* Products */,
			);
			sourceTree = "<group>";
		};
		0E2661C025E8521F00F70B3F /* Products */ = {
			isa = PBXGroup;
			children = (
				0E2661BF25E8521F00F70B3F /* weather.app */,
				0E2661D525E8522100F70B3F /* weatherTests.xctest */,
				0E2661E025E8522100F70B3F /* weatherUITests.xctest */,
			);
			name = Products;
			sourceTree = "<group>";
		};
		0E2661C125E8521F00F70B3F /* weather */ = {
			isa = PBXGroup;
			children = (
				0E26621B25E868F800F70B3F /* Extensions */,
				0E2661F525E8614900F70B3F /* Coordinator */,
				0E26620325E863B600F70B3F /* CitySelection */,
				0E2661C225E8521F00F70B3F /* AppDelegate.swift */,
				0E2661C425E8521F00F70B3F /* SceneDelegate.swift */,
				0E2661C825E8521F00F70B3F /* Main.storyboard */,
				0E2661CB25E8522000F70B3F /* Assets.xcassets */,
				0E2661CD25E8522000F70B3F /* LaunchScreen.storyboard */,
				0E2661D025E8522000F70B3F /* Info.plist */,
			);
			path = weather;
			sourceTree = "<group>";
		};
		0E2661D825E8522100F70B3F /* weatherTests */ = {
			isa = PBXGroup;
			children = (
				0E2661D925E8522100F70B3F /* weatherTests.swift */,
				0E2661DB25E8522100F70B3F /* Info.plist */,
			);
			path = weatherTests;
			sourceTree = "<group>";
		};
		0E2661E325E8522100F70B3F /* weatherUITests */ = {
			isa = PBXGroup;
			children = (
				0E2661E425E8522100F70B3F /* weatherUITests.swift */,
				0E2661E625E8522100F70B3F /* Info.plist */,
			);
			path = weatherUITests;
			sourceTree = "<group>";
		};
		0E2661F525E8614900F70B3F /* Coordinator */ = {
			isa = PBXGroup;
			children = (
				0E2661F625E8615D00F70B3F /* CoordinatorFactory.swift */,
				0E2661FE25E8624C00F70B3F /* AppCoordinator.swift */,
			);
			path = Coordinator;
			sourceTree = "<group>";
		};
		0E26620325E863B600F70B3F /* CitySelection */ = {
			isa = PBXGroup;
			children = (
				0E26621525E867F700F70B3F /* View */,
				0E26620C25E8679500F70B3F /* Model */,
				0E26620425E863D200F70B3F /* CitySelectionCoordinator.swift */,
			);
			path = CitySelection;
			sourceTree = "<group>";
		};
		0E26620C25E8679500F70B3F /* Model */ = {
			isa = PBXGroup;
			children = (
				0E26620D25E867A100F70B3F /* City.swift */,
			);
			path = Model;
			sourceTree = "<group>";
		};
		0E26621525E867F700F70B3F /* View */ = {
			isa = PBXGroup;
			children = (
				0E26621625E8681000F70B3F /* CitySelectionViewController.swift */,
				0E26622425E86A1600F70B3F /* CitySelection.storyboard */,
			);
			path = View;
			sourceTree = "<group>";
		};
		0E26621B25E868F800F70B3F /* Extensions */ = {
			isa = PBXGroup;
			children = (
				0E26621C25E8691300F70B3F /* UIViewController+Extension.swift */,
			);
			path = Extensions;
			sourceTree = "<group>";
		};
/* End PBXGroup section */

/* Begin PBXNativeTarget section */
		0E2661BE25E8521F00F70B3F /* weather */ = {
			isa = PBXNativeTarget;
			buildConfigurationList = 0E2661E925E8522100F70B3F /* Build configuration list for PBXNativeTarget "weather" */;
			buildPhases = (
				0E2661BB25E8521F00F70B3F /* Sources */,
				0E2661BC25E8521F00F70B3F /* Frameworks */,
				0E2661BD25E8521F00F70B3F /* Resources */,
			);
			buildRules = (
			);
			dependencies = (
			);
			name = weather;
			productName = weather;
			productReference = 0E2661BF25E8521F00F70B3F /* weather.app */;
			productType = "com.apple.product-type.application";
		};
		0E2661D425E8522100F70B3F /* weatherTests */ = {
			isa = PBXNativeTarget;
			buildConfigurationList = 0E2661EC25E8522100F70B3F /* Build configuration list for PBXNativeTarget "weatherTests" */;
			buildPhases = (
				0E2661D125E8522100F70B3F /* Sources */,
				0E2661D225E8522100F70B3F /* Frameworks */,
				0E2661D325E8522100F70B3F /* Resources */,
			);
			buildRules = (
			);
			dependencies = (
				0E2661D725E8522100F70B3F /* PBXTargetDependency */,
			);
			name = weatherTests;
			productName = weatherTests;
			productReference = 0E2661D525E8522100F70B3F /* weatherTests.xctest */;
			productType = "com.apple.product-type.bundle.unit-test";
		};
		0E2661DF25E8522100F70B3F /* weatherUITests */ = {
			isa = PBXNativeTarget;
			buildConfigurationList = 0E2661EF25E8522100F70B3F /* Build configuration list for PBXNativeTarget "weatherUITests" */;
			buildPhases = (
				0E2661DC25E8522100F70B3F /* Sources */,
				0E2661DD25E8522100F70B3F /* Frameworks */,
				0E2661DE25E8522100F70B3F /* Resources */,
			);
			buildRules = (
			);
			dependencies = (
				0E2661E225E8522100F70B3F /* PBXTargetDependency */,
			);
			name = weatherUITests;
			productName = weatherUITests;
			productReference = 0E2661E025E8522100F70B3F /* weatherUITests.xctest */;
			productType = "com.apple.product-type.bundle.ui-testing";
		};
/* End PBXNativeTarget section */

/* Begin PBXProject section */
		0E2661B725E8521F00F70B3F /* Project object */ = {
			isa = PBXProject;
			attributes = {
				LastSwiftUpdateCheck = 1240;
				LastUpgradeCheck = 1240;
				TargetAttributes = {
					0E2661BE25E8521F00F70B3F = {
						CreatedOnToolsVersion = 12.4;
					};
					0E2661D425E8522100F70B3F = {
						CreatedOnToolsVersion = 12.4;
						TestTargetID = 0E2661BE25E8521F00F70B3F;
					};
					0E2661DF25E8522100F70B3F = {
						CreatedOnToolsVersion = 12.4;
						TestTargetID = 0E2661BE25E8521F00F70B3F;
					};
				};
			};
			buildConfigurationList = 0E2661BA25E8521F00F70B3F /* Build configuration list for PBXProject "weather" */;
			compatibilityVersion = "Xcode 9.3";
			developmentRegion = en;
			hasScannedForEncodings = 0;
			knownRegions = (
				en,
				Base,
			);
			mainGroup = 0E2661B625E8521F00F70B3F;
			productRefGroup = 0E2661C025E8521F00F70B3F /* Products */;
			projectDirPath = "";
			projectRoot = "";
			targets = (
				0E2661BE25E8521F00F70B3F /* weather */,
				0E2661D425E8522100F70B3F /* weatherTests */,
				0E2661DF25E8522100F70B3F /* weatherUITests */,
			);
		};
/* End PBXProject section */

/* Begin PBXResourcesBuildPhase section */
		0E2661BD25E8521F00F70B3F /* Resources */ = {
			isa = PBXResourcesBuildPhase;
			buildActionMask = 2147483647;
			files = (
				0E2661CF25E8522000F70B3F /* LaunchScreen.storyboard in Resources */,
				0E2661CC25E8522000F70B3F /* Assets.xcassets in Resources */,
				0E26622525E86A1600F70B3F /* CitySelection.storyboard in Resources */,
				0E2661CA25E8521F00F70B3F /* Main.storyboard in Resources */,
			);
			runOnlyForDeploymentPostprocessing = 0;
		};
		0E2661D325E8522100F70B3F /* Resources */ = {
			isa = PBXResourcesBuildPhase;
			buildActionMask = 2147483647;
			files = (
			);
			runOnlyForDeploymentPostprocessing = 0;
		};
		0E2661DE25E8522100F70B3F /* Resources */ = {
			isa = PBXResourcesBuildPhase;
			buildActionMask = 2147483647;
			files = (
			);
			runOnlyForDeploymentPostprocessing = 0;
		};
/* End PBXResourcesBuildPhase section */

/* Begin PBXSourcesBuildPhase section */
		0E2661BB25E8521F00F70B3F /* Sources */ = {
			isa = PBXSourcesBuildPhase;
			buildActionMask = 2147483647;
			files = (
				0E26621D25E8691300F70B3F /* UIViewController+Extension.swift in Sources */,
				0E26620525E863D200F70B3F /* CitySelectionCoordinator.swift in Sources */,
				0E2661C325E8521F00F70B3F /* AppDelegate.swift in Sources */,
				0E26620E25E867A100F70B3F /* City.swift in Sources */,
				0E2661FF25E8624C00F70B3F /* AppCoordinator.swift in Sources */,
				0E2661C525E8521F00F70B3F /* SceneDelegate.swift in Sources */,
				0E2661F725E8615D00F70B3F /* CoordinatorFactory.swift in Sources */,
				0E26621725E8681000F70B3F /* CitySelectionViewController.swift in Sources */,
			);
			runOnlyForDeploymentPostprocessing = 0;
		};
		0E2661D125E8522100F70B3F /* Sources */ = {
			isa = PBXSourcesBuildPhase;
			buildActionMask = 2147483647;
			files = (
				0E2661DA25E8522100F70B3F /* weatherTests.swift in Sources */,
			);
			runOnlyForDeploymentPostprocessing = 0;
		};
		0E2661DC25E8522100F70B3F /* Sources */ = {
			isa = PBXSourcesBuildPhase;
			buildActionMask = 2147483647;
			files = (
				0E2661E525E8522100F70B3F /* weatherUITests.swift in Sources */,
			);
			runOnlyForDeploymentPostprocessing = 0;
		};
/* End PBXSourcesBuildPhase section */

/* Begin PBXTargetDependency section */
		0E2661D725E8522100F70B3F /* PBXTargetDependency */ = {
			isa = PBXTargetDependency;
			target = 0E2661BE25E8521F00F70B3F /* weather */;
			targetProxy = 0E2661D625E8522100F70B3F /* PBXContainerItemProxy */;
		};
		0E2661E225E8522100F70B3F /* PBXTargetDependency */ = {
			isa = PBXTargetDependency;
			target = 0E2661BE25E8521F00F70B3F /* weather */;
			targetProxy = 0E2661E125E8522100F70B3F /* PBXContainerItemProxy */;
		};
/* End PBXTargetDependency section */

/* Begin PBXVariantGroup section */
		0E2661C825E8521F00F70B3F /* Main.storyboard */ = {
			isa = PBXVariantGroup;
			children = (
				0E2661C925E8521F00F70B3F /* Base */,
			);
			name = Main.storyboard;
			sourceTree = "<group>";
		};
		0E2661CD25E8522000F70B3F /* LaunchScreen.storyboard */ = {
			isa = PBXVariantGroup;
			children = (
				0E2661CE25E8522000F70B3F /* Base */,
			);
			name = LaunchScreen.storyboard;
			sourceTree = "<group>";
		};
/* End PBXVariantGroup section */

/* Begin XCBuildConfiguration section */
		0E2661E725E8522100F70B3F /* Debug */ = {
			isa = XCBuildConfiguration;
			buildSettings = {
				ALWAYS_SEARCH_USER_PATHS = NO;
				CLANG_ANALYZER_NONNULL = YES;
				CLANG_ANALYZER_NUMBER_OBJECT_CONVERSION = YES_AGGRESSIVE;
				CLANG_CXX_LANGUAGE_STANDARD = "gnu++14";
				CLANG_CXX_LIBRARY = "libc++";
				CLANG_ENABLE_MODULES = YES;
				CLANG_ENABLE_OBJC_ARC = YES;
				CLANG_ENABLE_OBJC_WEAK = YES;
				CLANG_WARN_BLOCK_CAPTURE_AUTORELEASING = YES;
				CLANG_WARN_BOOL_CONVERSION = YES;
				CLANG_WARN_COMMA = YES;
				CLANG_WARN_CONSTANT_CONVERSION = YES;
				CLANG_WARN_DEPRECATED_OBJC_IMPLEMENTATIONS = YES;
				CLANG_WARN_DIRECT_OBJC_ISA_USAGE = YES_ERROR;
				CLANG_WARN_DOCUMENTATION_COMMENTS = YES;
				CLANG_WARN_EMPTY_BODY = YES;
				CLANG_WARN_ENUM_CONVERSION = YES;
				CLANG_WARN_INFINITE_RECURSION = YES;
				CLANG_WARN_INT_CONVERSION = YES;
				CLANG_WARN_NON_LITERAL_NULL_CONVERSION = YES;
				CLANG_WARN_OBJC_IMPLICIT_RETAIN_SELF = YES;
				CLANG_WARN_OBJC_LITERAL_CONVERSION = YES;
				CLANG_WARN_OBJC_ROOT_CLASS = YES_ERROR;
				CLANG_WARN_QUOTED_INCLUDE_IN_FRAMEWORK_HEADER = YES;
				CLANG_WARN_RANGE_LOOP_ANALYSIS = YES;
				CLANG_WARN_STRICT_PROTOTYPES = YES;
				CLANG_WARN_SUSPICIOUS_MOVE = YES;
				CLANG_WARN_UNGUARDED_AVAILABILITY = YES_AGGRESSIVE;
				CLANG_WARN_UNREACHABLE_CODE = YES;
				CLANG_WARN__DUPLICATE_METHOD_MATCH = YES;
				COPY_PHASE_STRIP = NO;
				DEBUG_INFORMATION_FORMAT = dwarf;
				ENABLE_STRICT_OBJC_MSGSEND = YES;
				ENABLE_TESTABILITY = YES;
				GCC_C_LANGUAGE_STANDARD = gnu11;
				GCC_DYNAMIC_NO_PIC = NO;
				GCC_NO_COMMON_BLOCKS = YES;
				GCC_OPTIMIZATION_LEVEL = 0;
				GCC_PREPROCESSOR_DEFINITIONS = (
					"DEBUG=1",
					"$(inherited)",
				);
				GCC_WARN_64_TO_32_BIT_CONVERSION = YES;
				GCC_WARN_ABOUT_RETURN_TYPE = YES_ERROR;
				GCC_WARN_UNDECLARED_SELECTOR = YES;
				GCC_WARN_UNINITIALIZED_AUTOS = YES_AGGRESSIVE;
				GCC_WARN_UNUSED_FUNCTION = YES;
				GCC_WARN_UNUSED_VARIABLE = YES;
				IPHONEOS_DEPLOYMENT_TARGET = 14.4;
				MTL_ENABLE_DEBUG_INFO = INCLUDE_SOURCE;
				MTL_FAST_MATH = YES;
				ONLY_ACTIVE_ARCH = YES;
				SDKROOT = iphoneos;
				SWIFT_ACTIVE_COMPILATION_CONDITIONS = DEBUG;
				SWIFT_OPTIMIZATION_LEVEL = "-Onone";
			};
			name = Debug;
		};
		0E2661E825E8522100F70B3F /* Release */ = {
			isa = XCBuildConfiguration;
			buildSettings = {
				ALWAYS_SEARCH_USER_PATHS = NO;
				CLANG_ANALYZER_NONNULL = YES;
				CLANG_ANALYZER_NUMBER_OBJECT_CONVERSION = YES_AGGRESSIVE;
				CLANG_CXX_LANGUAGE_STANDARD = "gnu++14";
				CLANG_CXX_LIBRARY = "libc++";
				CLANG_ENABLE_MODULES = YES;
				CLANG_ENABLE_OBJC_ARC = YES;
				CLANG_ENABLE_OBJC_WEAK = YES;
				CLANG_WARN_BLOCK_CAPTURE_AUTORELEASING = YES;
				CLANG_WARN_BOOL_CONVERSION = YES;
				CLANG_WARN_COMMA = YES;
				CLANG_WARN_CONSTANT_CONVERSION = YES;
				CLANG_WARN_DEPRECATED_OBJC_IMPLEMENTATIONS = YES;
				CLANG_WARN_DIRECT_OBJC_ISA_USAGE = YES_ERROR;
				CLANG_WARN_DOCUMENTATION_COMMENTS = YES;
				CLANG_WARN_EMPTY_BODY = YES;
				CLANG_WARN_ENUM_CONVERSION = YES;
				CLANG_WARN_INFINITE_RECURSION = YES;
				CLANG_WARN_INT_CONVERSION = YES;
				CLANG_WARN_NON_LITERAL_NULL_CONVERSION = YES;
				CLANG_WARN_OBJC_IMPLICIT_RETAIN_SELF = YES;
				CLANG_WARN_OBJC_LITERAL_CONVERSION = YES;
				CLANG_WARN_OBJC_ROOT_CLASS = YES_ERROR;
				CLANG_WARN_QUOTED_INCLUDE_IN_FRAMEWORK_HEADER = YES;
				CLANG_WARN_RANGE_LOOP_ANALYSIS = YES;
				CLANG_WARN_STRICT_PROTOTYPES = YES;
				CLANG_WARN_SUSPICIOUS_MOVE = YES;
				CLANG_WARN_UNGUARDED_AVAILABILITY = YES_AGGRESSIVE;
				CLANG_WARN_UNREACHABLE_CODE = YES;
				CLANG_WARN__DUPLICATE_METHOD_MATCH = YES;
				COPY_PHASE_STRIP = NO;
				DEBUG_INFORMATION_FORMAT = "dwarf-with-dsym";
				ENABLE_NS_ASSERTIONS = NO;
				ENABLE_STRICT_OBJC_MSGSEND = YES;
				GCC_C_LANGUAGE_STANDARD = gnu11;
				GCC_NO_COMMON_BLOCKS = YES;
				GCC_WARN_64_TO_32_BIT_CONVERSION = YES;
				GCC_WARN_ABOUT_RETURN_TYPE = YES_ERROR;
				GCC_WARN_UNDECLARED_SELECTOR = YES;
				GCC_WARN_UNINITIALIZED_AUTOS = YES_AGGRESSIVE;
				GCC_WARN_UNUSED_FUNCTION = YES;
				GCC_WARN_UNUSED_VARIABLE = YES;
				IPHONEOS_DEPLOYMENT_TARGET = 14.4;
				MTL_ENABLE_DEBUG_INFO = NO;
				MTL_FAST_MATH = YES;
				SDKROOT = iphoneos;
				SWIFT_COMPILATION_MODE = wholemodule;
				SWIFT_OPTIMIZATION_LEVEL = "-O";
				VALIDATE_PRODUCT = YES;
			};
			name = Release;
		};
		0E2661EA25E8522100F70B3F /* Debug */ = {
			isa = XCBuildConfiguration;
			buildSettings = {
				ASSETCATALOG_COMPILER_APPICON_NAME = AppIcon;
				ASSETCATALOG_COMPILER_GLOBAL_ACCENT_COLOR_NAME = AccentColor;
				CODE_SIGN_STYLE = Automatic;
				DEVELOPMENT_TEAM = J3T8DAKGAA;
				INFOPLIST_FILE = weather/Info.plist;
				LD_RUNPATH_SEARCH_PATHS = (
					"$(inherited)",
					"@executable_path/Frameworks",
				);
				PRODUCT_BUNDLE_IDENTIFIER = net.woolf.sam.weather;
				PRODUCT_NAME = "$(TARGET_NAME)";
				SWIFT_VERSION = 5.0;
				TARGETED_DEVICE_FAMILY = "1,2";
			};
			name = Debug;
		};
		0E2661EB25E8522100F70B3F /* Release */ = {
			isa = XCBuildConfiguration;
			buildSettings = {
				ASSETCATALOG_COMPILER_APPICON_NAME = AppIcon;
				ASSETCATALOG_COMPILER_GLOBAL_ACCENT_COLOR_NAME = AccentColor;
				CODE_SIGN_STYLE = Automatic;
				DEVELOPMENT_TEAM = J3T8DAKGAA;
				INFOPLIST_FILE = weather/Info.plist;
				LD_RUNPATH_SEARCH_PATHS = (
					"$(inherited)",
					"@executable_path/Frameworks",
				);
				PRODUCT_BUNDLE_IDENTIFIER = net.woolf.sam.weather;
				PRODUCT_NAME = "$(TARGET_NAME)";
				SWIFT_VERSION = 5.0;
				TARGETED_DEVICE_FAMILY = "1,2";
			};
			name = Release;
		};
		0E2661ED25E8522100F70B3F /* Debug */ = {
			isa = XCBuildConfiguration;
			buildSettings = {
				ALWAYS_EMBED_SWIFT_STANDARD_LIBRARIES = YES;
				BUNDLE_LOADER = "$(TEST_HOST)";
				CODE_SIGN_STYLE = Automatic;
				DEVELOPMENT_TEAM = J3T8DAKGAA;
				INFOPLIST_FILE = weatherTests/Info.plist;
				IPHONEOS_DEPLOYMENT_TARGET = 14.4;
				LD_RUNPATH_SEARCH_PATHS = (
					"$(inherited)",
					"@executable_path/Frameworks",
					"@loader_path/Frameworks",
				);
				PRODUCT_BUNDLE_IDENTIFIER = net.woolf.sam.weatherTests;
				PRODUCT_NAME = "$(TARGET_NAME)";
				SWIFT_VERSION = 5.0;
				TARGETED_DEVICE_FAMILY = "1,2";
				TEST_HOST = "$(BUILT_PRODUCTS_DIR)/weather.app/weather";
			};
			name = Debug;
		};
		0E2661EE25E8522100F70B3F /* Release */ = {
			isa = XCBuildConfiguration;
			buildSettings = {
				ALWAYS_EMBED_SWIFT_STANDARD_LIBRARIES = YES;
				BUNDLE_LOADER = "$(TEST_HOST)";
				CODE_SIGN_STYLE = Automatic;
				DEVELOPMENT_TEAM = J3T8DAKGAA;
				INFOPLIST_FILE = weatherTests/Info.plist;
				IPHONEOS_DEPLOYMENT_TARGET = 14.4;
				LD_RUNPATH_SEARCH_PATHS = (
					"$(inherited)",
					"@executable_path/Frameworks",
					"@loader_path/Frameworks",
				);
				PRODUCT_BUNDLE_IDENTIFIER = net.woolf.sam.weatherTests;
				PRODUCT_NAME = "$(TARGET_NAME)";
				SWIFT_VERSION = 5.0;
				TARGETED_DEVICE_FAMILY = "1,2";
				TEST_HOST = "$(BUILT_PRODUCTS_DIR)/weather.app/weather";
			};
			name = Release;
		};
		0E2661F025E8522100F70B3F /* Debug */ = {
			isa = XCBuildConfiguration;
			buildSettings = {
				ALWAYS_EMBED_SWIFT_STANDARD_LIBRARIES = YES;
				CODE_SIGN_STYLE = Automatic;
				DEVELOPMENT_TEAM = J3T8DAKGAA;
				INFOPLIST_FILE = weatherUITests/Info.plist;
				LD_RUNPATH_SEARCH_PATHS = (
					"$(inherited)",
					"@executable_path/Frameworks",
					"@loader_path/Frameworks",
				);
				PRODUCT_BUNDLE_IDENTIFIER = net.woolf.sam.weatherUITests;
				PRODUCT_NAME = "$(TARGET_NAME)";
				SWIFT_VERSION = 5.0;
				TARGETED_DEVICE_FAMILY = "1,2";
				TEST_TARGET_NAME = weather;
			};
			name = Debug;
		};
		0E2661F125E8522100F70B3F /* Release */ = {
			isa = XCBuildConfiguration;
			buildSettings = {
				ALWAYS_EMBED_SWIFT_STANDARD_LIBRARIES = YES;
				CODE_SIGN_STYLE = Automatic;
				DEVELOPMENT_TEAM = J3T8DAKGAA;
				INFOPLIST_FILE = weatherUITests/Info.plist;
				LD_RUNPATH_SEARCH_PATHS = (
					"$(inherited)",
					"@executable_path/Frameworks",
					"@loader_path/Frameworks",
				);
				PRODUCT_BUNDLE_IDENTIFIER = net.woolf.sam.weatherUITests;
				PRODUCT_NAME = "$(TARGET_NAME)";
				SWIFT_VERSION = 5.0;
				TARGETED_DEVICE_FAMILY = "1,2";
				TEST_TARGET_NAME = weather;
			};
			name = Release;
		};
/* End XCBuildConfiguration section */

/* Begin XCConfigurationList section */
		0E2661BA25E8521F00F70B3F /* Build configuration list for PBXProject "weather" */ = {
			isa = XCConfigurationList;
			buildConfigurations = (
				0E2661E725E8522100F70B3F /* Debug */,
				0E2661E825E8522100F70B3F /* Release */,
			);
			defaultConfigurationIsVisible = 0;
			defaultConfigurationName = Release;
		};
		0E2661E925E8522100F70B3F /* Build configuration list for PBXNativeTarget "weather" */ = {
			isa = XCConfigurationList;
			buildConfigurations = (
				0E2661EA25E8522100F70B3F /* Debug */,
				0E2661EB25E8522100F70B3F /* Release */,
			);
			defaultConfigurationIsVisible = 0;
			defaultConfigurationName = Release;
		};
		0E2661EC25E8522100F70B3F /* Build configuration list for PBXNativeTarget "weatherTests" */ = {
			isa = XCConfigurationList;
			buildConfigurations = (
				0E2661ED25E8522100F70B3F /* Debug */,
				0E2661EE25E8522100F70B3F /* Release */,
			);
			defaultConfigurationIsVisible = 0;
			defaultConfigurationName = Release;
		};
		0E2661EF25E8522100F70B3F /* Build configuration list for PBXNativeTarget "weatherUITests" */ = {
			isa = XCConfigurationList;
			buildConfigurations = (
				0E2661F025E8522100F70B3F /* Debug */,
				0E2661F125E8522100F70B3F /* Release */,
			);
			defaultConfigurationIsVisible = 0;
			defaultConfigurationName = Release;
		};
/* End XCConfigurationList section */
	};
	rootObject = 0E2661B725E8521F00F70B3F /* Project object */;
}
